PODS:
  - MediatorProject (0.0.1)

DEPENDENCIES:
  - MediatorProject (from `../MediatorProject`)

EXTERNAL SOURCES:
  MediatorProject:
    :path: "../MediatorProject"

SPEC CHECKSUMS:
  MediatorProject: 23d0287648e69b234af0668364304c3b9cc30ddc

PODFILE CHECKSUM: d230b61d4d24d5cefe20ba401d6a537e364ccee6

COCOAPODS: 1.6.1
