// !$*UTF8*$!
{
	archiveVersion = 1;
	classes = {
	};
	objectVersion = 50;
	objects = {

/* Begin PBXBuildFile section */
		532033DF223DD9C30074DE1D /* AppDelegate.m in Sources */ = {isa = PBXBuildFile; fileRef = 532033DE223DD9C30074DE1D /* AppDelegate.m */; };
		532033E2223DD9C30074DE1D /* ViewController.m in Sources */ = {isa = PBXBuildFile; fileRef = 532033E1223DD9C30074DE1D /* ViewController.m */; };
		532033E5223DD9C30074DE1D /* Main.storyboard in Resources */ = {isa = PBXBuildFile; fileRef = 532033E3223DD9C30074DE1D /* Main.storyboard */; };
		532033E7223DD9C50074DE1D /* Assets.xcassets in Resources */ = {isa = PBXBuildFile; fileRef = 532033E6223DD9C50074DE1D /* Assets.xcassets */; };
		532033EA223DD9C50074DE1D /* LaunchScreen.storyboard in Resources */ = {isa = PBXBuildFile; fileRef = 532033E8223DD9C50074DE1D /* LaunchScreen.storyboard */; };
		532033ED223DD9C50074DE1D /* main.m in Sources */ = {isa = PBXBuildFile; fileRef = 532033EC223DD9C50074DE1D /* main.m */; };
		959A77D8363034E43EBDCDC6 /* libPods-LocalKu.a in Frameworks */ = {isa = PBXBuildFile; fileRef = 09D15930C79ED76DA5838943 /* libPods-LocalKu.a */; };
/* End PBXBuildFile section */

/* Begin PBXFileReference section */
		09D15930C79ED76DA5838943 /* libPods-LocalKu.a */ = {isa = PBXFileReference; explicitFileType = archive.ar; includeInIndex = 0; path = "libPods-LocalKu.a"; sourceTree = BUILT_PRODUCTS_DIR; };
		3AE9246FC3B1A5C4FC0D86C1 /* Pods-LocalKu.debug.xcconfig */ = {isa = PBXFileReference; includeInIndex = 1; lastKnownFileType = text.xcconfig; name = "Pods-LocalKu.debug.xcconfig"; path = "Target Support Files/Pods-LocalKu/Pods-LocalKu.debug.xcconfig"; sourceTree = "<group>"; };
		532033DA223DD9C30074DE1D /* LocalKu.app */ = {isa = PBXFileReference; explicitFileType = wrapper.application; includeInIndex = 0; path = LocalKu.app; sourceTree = BUILT_PRODUCTS_DIR; };
		532033DD223DD9C30074DE1D /* AppDelegate.h */ = {isa = PBXFileReference; lastKnownFileType = sourcecode.c.h; path = AppDelegate.h; sourceTree = "<group>"; };
		532033DE223DD9C30074DE1D /* AppDelegate.m */ = {isa = PBXFileReference; lastKnownFileType = sourcecode.c.objc; path = AppDelegate.m; sourceTree = "<group>"; };
		532033E0223DD9C30074DE1D /* ViewController.h */ = {isa = PBXFileReference; lastKnownFileType = sourcecode.c.h; path = ViewController.h; sourceTree = "<group>"; };
		532033E1223DD9C30074DE1D /* ViewController.m */ = {isa = PBXFileReference; lastKnownFileType = sourcecode.c.objc; path = ViewController.m; sourceTree = "<group>"; };
		532033E4223DD9C30074DE1D /* Base */ = {isa = PBXFileReference; lastKnownFileType = file.storyboard; name = Base; path = Base.lproj/Main.storyboard; sourceTree = "<group>"; };
		532033E6223DD9C50074DE1D /* Assets.xcassets */ = {isa = PBXFileReference; lastKnownFileType = folder.assetcatalog; path = Assets.xcassets; sourceTree = "<group>"; };
		532033E9223DD9C50074DE1D /* Base */ = {isa = PBXFileReference; lastKnownFileType = file.storyboard; name = Base; path = Base.lproj/LaunchScreen.storyboard; sourceTree = "<group>"; };
		532033EB223DD9C50074DE1D /* Info.plist */ = {isa = PBXFileReference; lastKnownFileType = text.plist.xml; path = Info.plist; sourceTree = "<group>"; };
		532033EC223DD9C50074DE1D /* main.m */ = {isa = PBXFileReference; lastKnownFileType = sourcecode.c.objc; path = main.m; sourceTree = "<group>"; };
		6229767E6AF5D95DADA9AA3C /* Pods-LocalKu.release.xcconfig */ = {isa = PBXFileReference; includeInIndex = 1; lastKnownFileType = text.xcconfig; name = "Pods-LocalKu.release.xcconfig"; path = "Target Support Files/Pods-LocalKu/Pods-LocalKu.release.xcconfig"; sourceTree = "<group>"; };
/* End PBXFileReference section */

/* Begin PBXFrameworksBuildPhase section */
		532033D7223DD9C30074DE1D /* Frameworks */ = {
			isa = PBXFrameworksBuildPhase;
			buildActionMask = 2147483647;
			files = (
				959A77D8363034E43EBDCDC6 /* libPods-LocalKu.a in Frameworks */,
			);
			runOnlyForDeploymentPostprocessing = 0;
		};
/* End PBXFrameworksBuildPhase section */

/* Begin PBXGroup section */
		2217F4A4EA26B3D50425BB9C /* Frameworks */ = {
			isa = PBXGroup;
			children = (
				09D15930C79ED76DA5838943 /* libPods-LocalKu.a */,
			);
			name = Frameworks;
			sourceTree = "<group>";
		};
		532033D1223DD9C30074DE1D = {
			isa = PBXGroup;
			children = (
				532033DC223DD9C30074DE1D /* LocalKu */,
				532033DB223DD9C30074DE1D /* Products */,
				876CAA5E7EE8F87336C51383 /* Pods */,
				2217F4A4EA26B3D50425BB9C /* Frameworks */,
			);
			sourceTree = "<group>";
		};
		532033DB223DD9C30074DE1D /* Products */ = {
			isa = PBXGroup;
			children = (
				532033DA223DD9C30074DE1D /* LocalKu.app */,
			);
			name = Products;
			sourceTree = "<group>";
		};
		532033DC223DD9C30074DE1D /* LocalKu */ = {
			isa = PBXGroup;
			children = (
				532033DD223DD9C30074DE1D /* AppDelegate.h */,
				532033DE223DD9C30074DE1D /* AppDelegate.m */,
				532033E0223DD9C30074DE1D /* ViewController.h */,
				532033E1223DD9C30074DE1D /* ViewController.m */,
				532033E3223DD9C30074DE1D /* Main.storyboard */,
				532033E6223DD9C50074DE1D /* Assets.xcassets */,
				532033E8223DD9C50074DE1D /* LaunchScreen.storyboard */,
				532033EB223DD9C50074DE1D /* Info.plist */,
				532033EC223DD9C50074DE1D /* main.m */,
			);
			path = LocalKu;
			sourceTree = "<group>";
		};
		876CAA5E7EE8F87336C51383 /* Pods */ = {
			isa = PBXGroup;
			children = (
				3AE9246FC3B1A5C4FC0D86C1 /* Pods-LocalKu.debug.xcconfig */,
				6229767E6AF5D95DADA9AA3C /* Pods-LocalKu.release.xcconfig */,
			);
			name = Pods;
			path = Pods;
			sourceTree = "<group>";
		};
/* End PBXGroup section */

/* Begin PBXNativeTarget section */
		532033D9223DD9C30074DE1D /* LocalKu */ = {
			isa = PBXNativeTarget;
			buildConfigurationList = 532033F0223DD9C50074DE1D /* Build configuration list for PBXNativeTarget "LocalKu" */;
			buildPhases = (
				8DB81D2539304F8E2A489D29 /* [CP] Check Pods Manifest.lock */,
				532033D6223DD9C30074DE1D /* Sources */,
				532033D7223DD9C30074DE1D /* Frameworks */,
				532033D8223DD9C30074DE1D /* Resources */,
			);
			buildRules = (
			);
			dependencies = (
			);
			name = LocalKu;
			productName = LocalKu;
			productReference = 532033DA223DD9C30074DE1D /* LocalKu.app */;
			productType = "com.apple.product-type.application";
		};
/* End PBXNativeTarget section */

/* Begin PBXProject section */
		532033D2223DD9C30074DE1D /* Project object */ = {
			isa = PBXProject;
			attributes = {
				LastUpgradeCheck = 0940;
				ORGANIZATIONNAME = Siri;
				TargetAttributes = {
					532033D9223DD9C30074DE1D = {
						CreatedOnToolsVersion = 9.4.1;
					};
				};
			};
			buildConfigurationList = 532033D5223DD9C30074DE1D /* Build configuration list for PBXProject "LocalKu" */;
			compatibilityVersion = "Xcode 9.3";
			developmentRegion = en;
			hasScannedForEncodings = 0;
			knownRegions = (
				en,
				Base,
			);
			mainGroup = 532033D1223DD9C30074DE1D;
			productRefGroup = 532033DB223DD9C30074DE1D /* Products */;
			projectDirPath = "";
			projectRoot = "";
			targets = (
				532033D9223DD9C30074DE1D /* LocalKu */,
			);
		};
/* End PBXProject section */

/* Begin PBXResourcesBuildPhase section */
		532033D8223DD9C30074DE1D /* Resources */ = {
			isa = PBXResourcesBuildPhase;
			buildActionMask = 2147483647;
			files = (
				532033EA223DD9C50074DE1D /* LaunchScreen.storyboard in Resources */,
				532033E7223DD9C50074DE1D /* Assets.xcassets in Resources */,
				532033E5223DD9C30074DE1D /* Main.storyboard in Resources */,
			);
			runOnlyForDeploymentPostprocessing = 0;
		};
/* End PBXResourcesBuildPhase section */

/* Begin PBXShellScriptBuildPhase section */
		8DB81D2539304F8E2A489D29 /* [CP] Check Pods Manifest.lock */ = {
			isa = PBXShellScriptBuildPhase;
			buildActionMask = 2147483647;
			files = (
			);
			inputFileListPaths = (
			);
			inputPaths = (
				"${PODS_PODFILE_DIR_PATH}/Podfile.lock",
				"${PODS_ROOT}/Manifest.lock",
			);
			name = "[CP] Check Pods Manifest.lock";
			outputFileListPaths = (
			);
			outputPaths = (
				"$(DERIVED_FILE_DIR)/Pods-LocalKu-checkManifestLockResult.txt",
			);
			runOnlyForDeploymentPostprocessing = 0;
			shellPath = /bin/sh;
			shellScript = "diff \"${PODS_PODFILE_DIR_PATH}/Podfile.lock\" \"${PODS_ROOT}/Manifest.lock\" > /dev/null\nif [ $? != 0 ] ; then\n    # print error to STDERR\n    echo \"error: The sandbox is not in sync with the Podfile.lock. Run 'pod install' or update your CocoaPods installation.\" >&2\n    exit 1\nfi\n# This output is used by Xcode 'outputs' to avoid re-running this script phase.\necho \"SUCCESS\" > \"${SCRIPT_OUTPUT_FILE_0}\"\n";
			showEnvVarsInLog = 0;
		};
/* End PBXShellScriptBuildPhase section */

/* Begin PBXSourcesBuildPhase section */
		532033D6223DD9C30074DE1D /* Sources */ = {
			isa = PBXSourcesBuildPhase;
			buildActionMask = 2147483647;
			files = (
				532033E2223DD9C30074DE1D /* ViewController.m in Sources */,
				532033ED223DD9C50074DE1D /* main.m in Sources */,
				532033DF223DD9C30074DE1D /* AppDelegate.m in Sources */,
			);
			runOnlyForDeploymentPostprocessing = 0;
		};
/* End PBXSourcesBuildPhase section */

/* Begin PBXVariantGroup section */
		532033E3223DD9C30074DE1D /* Main.storyboard */ = {
			isa = PBXVariantGroup;
			children = (
				532033E4223DD9C30074DE1D /* Base */,
			);
			name = Main.storyboard;
			sourceTree = "<group>";
		};
		532033E8223DD9C50074DE1D /* LaunchScreen.storyboard */ = {
			isa = PBXVariantGroup;
			children = (
				532033E9223DD9C50074DE1D /* Base */,
			);
			name = LaunchScreen.storyboard;
			sourceTree = "<group>";
		};
/* End PBXVariantGroup section */

/* Begin XCBuildConfiguration section */
		532033EE223DD9C50074DE1D /* Debug */ = {
			isa = XCBuildConfiguration;
			buildSettings = {
				ALWAYS_SEARCH_USER_PATHS = NO;
				CLANG_ANALYZER_NONNULL = YES;
				CLANG_ANALYZER_NUMBER_OBJECT_CONVERSION = YES_AGGRESSIVE;
				CLANG_CXX_LANGUAGE_STANDARD = "gnu++14";
				CLANG_CXX_LIBRARY = "libc++";
				CLANG_ENABLE_MODULES = YES;
				CLANG_ENABLE_OBJC_ARC = YES;
				CLANG_ENABLE_OBJC_WEAK = YES;
				CLANG_WARN_BLOCK_CAPTURE_AUTORELEASING = YES;
				CLANG_WARN_BOOL_CONVERSION = YES;
				CLANG_WARN_COMMA = YES;
				CLANG_WARN_CONSTANT_CONVERSION = YES;
				CLANG_WARN_DEPRECATED_OBJC_IMPLEMENTATIONS = YES;
				CLANG_WARN_DIRECT_OBJC_ISA_USAGE = YES_ERROR;
				CLANG_WARN_DOCUMENTATION_COMMENTS = YES;
				CLANG_WARN_EMPTY_BODY = YES;
				CLANG_WARN_ENUM_CONVERSION = YES;
				CLANG_WARN_INFINITE_RECURSION = YES;
				CLANG_WARN_INT_CONVERSION = YES;
				CLANG_WARN_NON_LITERAL_NULL_CONVERSION = YES;
				CLANG_WARN_OBJC_IMPLICIT_RETAIN_SELF = YES;
				CLANG_WARN_OBJC_LITERAL_CONVERSION = YES;
				CLANG_WARN_OBJC_ROOT_CLASS = YES_ERROR;
				CLANG_WARN_RANGE_LOOP_ANALYSIS = YES;
				CLANG_WARN_STRICT_PROTOTYPES = YES;
				CLANG_WARN_SUSPICIOUS_MOVE = YES;
				CLANG_WARN_UNGUARDED_AVAILABILITY = YES_AGGRESSIVE;
				CLANG_WARN_UNREACHABLE_CODE = YES;
				CLANG_WARN__DUPLICATE_METHOD_MATCH = YES;
				CODE_SIGN_IDENTITY = "iPhone Developer";
				COPY_PHASE_STRIP = NO;
				DEBUG_INFORMATION_FORMAT = dwarf;
				ENABLE_STRICT_OBJC_MSGSEND = YES;
				ENABLE_TESTABILITY = YES;
				GCC_C_LANGUAGE_STANDARD = gnu11;
				GCC_DYNAMIC_NO_PIC = NO;
				GCC_NO_COMMON_BLOCKS = YES;
				GCC_OPTIMIZATION_LEVEL = 0;
				GCC_PREPROCESSOR_DEFINITIONS = (
					"DEBUG=1",
					"$(inherited)",
				);
				GCC_WARN_64_TO_32_BIT_CONVERSION = YES;
				GCC_WARN_ABOUT_RETURN_TYPE = YES_ERROR;
				GCC_WARN_UNDECLARED_SELECTOR = YES;
				GCC_WARN_UNINITIALIZED_AUTOS = YES_AGGRESSIVE;
				GCC_WARN_UNUSED_FUNCTION = YES;
				GCC_WARN_UNUSED_VARIABLE = YES;
				IPHONEOS_DEPLOYMENT_TARGET = 11.4;
				MTL_ENABLE_DEBUG_INFO = YES;
				ONLY_ACTIVE_ARCH = YES;
				SDKROOT = iphoneos;
			};
			name = Debug;
		};
		532033EF223DD9C50074DE1D /* Release */ = {
			isa = XCBuildConfiguration;
			buildSettings = {
				ALWAYS_SEARCH_USER_PATHS = NO;
				CLANG_ANALYZER_NONNULL = YES;
				CLANG_ANALYZER_NUMBER_OBJECT_CONVERSION = YES_AGGRESSIVE;
				CLANG_CXX_LANGUAGE_STANDARD = "gnu++14";
				CLANG_CXX_LIBRARY = "libc++";
				CLANG_ENABLE_MODULES = YES;
				CLANG_ENABLE_OBJC_ARC = YES;
				CLANG_ENABLE_OBJC_WEAK = YES;
				CLANG_WARN_BLOCK_CAPTURE_AUTORELEASING = YES;
				CLANG_WARN_BOOL_CONVERSION = YES;
				CLANG_WARN_COMMA = YES;
				CLANG_WARN_CONSTANT_CONVERSION = YES;
				CLANG_WARN_DEPRECATED_OBJC_IMPLEMENTATIONS = YES;
				CLANG_WARN_DIRECT_OBJC_ISA_USAGE = YES_ERROR;
				CLANG_WARN_DOCUMENTATION_COMMENTS = YES;
				CLANG_WARN_EMPTY_BODY = YES;
				CLANG_WARN_ENUM_CONVERSION = YES;
				CLANG_WARN_INFINITE_RECURSION = YES;
				CLANG_WARN_INT_CONVERSION = YES;
				CLANG_WARN_NON_LITERAL_NULL_CONVERSION = YES;
				CLANG_WARN_OBJC_IMPLICIT_RETAIN_SELF = YES;
				CLANG_WARN_OBJC_LITERAL_CONVERSION = YES;
				CLANG_WARN_OBJC_ROOT_CLASS = YES_ERROR;
				CLANG_WARN_RANGE_LOOP_ANALYSIS = YES;
				CLANG_WARN_STRICT_PROTOTYPES = YES;
				CLANG_WARN_SUSPICIOUS_MOVE = YES;
				CLANG_WARN_UNGUARDED_AVAILABILITY = YES_AGGRESSIVE;
				CLANG_WARN_UNREACHABLE_CODE = YES;
				CLANG_WARN__DUPLICATE_METHOD_MATCH = YES;
				CODE_SIGN_IDENTITY = "iPhone Developer";
				COPY_PHASE_STRIP = NO;
				DEBUG_INFORMATION_FORMAT = "dwarf-with-dsym";
				ENABLE_NS_ASSERTIONS = NO;
				ENABLE_STRICT_OBJC_MSGSEND = YES;
				GCC_C_LANGUAGE_STANDARD = gnu11;
				GCC_NO_COMMON_BLOCKS = YES;
				GCC_WARN_64_TO_32_BIT_CONVERSION = YES;
				GCC_WARN_ABOUT_RETURN_TYPE = YES_ERROR;
				GCC_WARN_UNDECLARED_SELECTOR = YES;
				GCC_WARN_UNINITIALIZED_AUTOS = YES_AGGRESSIVE;
				GCC_WARN_UNUSED_FUNCTION = YES;
				GCC_WARN_UNUSED_VARIABLE = YES;
				IPHONEOS_DEPLOYMENT_TARGET = 11.4;
				MTL_ENABLE_DEBUG_INFO = NO;
				SDKROOT = iphoneos;
				VALIDATE_PRODUCT = YES;
			};
			name = Release;
		};
		532033F1223DD9C50074DE1D /* Debug */ = {
			isa = XCBuildConfiguration;
			baseConfigurationReference = 3AE9246FC3B1A5C4FC0D86C1 /* Pods-LocalKu.debug.xcconfig */;
			buildSettings = {
				ASSETCATALOG_COMPILER_APPICON_NAME = AppIcon;
				CODE_SIGN_STYLE = Automatic;
				INFOPLIST_FILE = LocalKu/Info.plist;
				LD_RUNPATH_SEARCH_PATHS = (
					"$(inherited)",
					"@executable_path/Frameworks",
				);
				PRODUCT_BUNDLE_IDENTIFIER = com.wx.LocalKu;
				PRODUCT_NAME = "$(TARGET_NAME)";
				TARGETED_DEVICE_FAMILY = "1,2";
			};
			name = Debug;
		};
		532033F2223DD9C50074DE1D /* Release */ = {
			isa = XCBuildConfiguration;
			baseConfigurationReference = 6229767E6AF5D95DADA9AA3C /* Pods-LocalKu.release.xcconfig */;
			buildSettings = {
				ASSETCATALOG_COMPILER_APPICON_NAME = AppIcon;
				CODE_SIGN_STYLE = Automatic;
				INFOPLIST_FILE = LocalKu/Info.plist;
				LD_RUNPATH_SEARCH_PATHS = (
					"$(inherited)",
					"@executable_path/Frameworks",
				);
				PRODUCT_BUNDLE_IDENTIFIER = com.wx.LocalKu;
				PRODUCT_NAME = "$(TARGET_NAME)";
				TARGETED_DEVICE_FAMILY = "1,2";
			};
			name = Release;
		};
/* End XCBuildConfiguration section */

/* Begin XCConfigurationList section */
		532033D5223DD9C30074DE1D /* Build configuration list for PBXProject "LocalKu" */ = {
			isa = XCConfigurationList;
			buildConfigurations = (
				532033EE223DD9C50074DE1D /* Debug */,
				532033EF223DD9C50074DE1D /* Release */,
			);
			defaultConfigurationIsVisible = 0;
			defaultConfigurationName = Release;
		};
		532033F0223DD9C50074DE1D /* Build configuration list for PBXNativeTarget "LocalKu" */ = {
			isa = XCConfigurationList;
			buildConfigurations = (
				532033F1223DD9C50074DE1D /* Debug */,
				532033F2223DD9C50074DE1D /* Release */,
			);
			defaultConfigurationIsVisible = 0;
			defaultConfigurationName = Release;
		};
/* End XCConfigurationList section */
	};
	rootObject = 532033D2223DD9C30074DE1D /* Project object */;
}
